
Microsoft Visual Studio Solution File, Format Version 12.00
# Visual Studio Version 16
VisualStudioVersion = 16.0.28803.452
MinimumVisualStudioVersion = 10.0.40219.1
Project("{2150E333-8FDC-42A3-9474-1A3956D46DE8}") = "Solution Items", "Solution Items", "{FD9876F9-69B7-48B2-8DFC-05E7C0A26211}"
	ProjectSection(SolutionItems) = preProject
		.gitattributes = .gitattributes
		.gitignore = .gitignore
		LICENSE = LICENSE
	EndProjectSection
EndProject
Project("{2150E333-8FDC-42A3-9474-1A3956D46DE8}") = "src", "src", "{2EA7E92E-1D2B-4CFC-B24F-BCA761A6666A}"
EndProject
Project("{9A19103F-16F7-4668-BE54-9A1E7A4F7556}") = "EnsuredOutcomes", "src\EnsuredOutcomes\EnsuredOutcomes.csproj", "{E296D401-E741-417C-BF7D-F897F34F92AB}"
EndProject
Global
	GlobalSection(SolutionConfigurationPlatforms) = preSolution
		Debug|Any CPU = Debug|Any CPU
		Release|Any CPU = Release|Any CPU
	EndGlobalSection
	GlobalSection(ProjectConfigurationPlatforms) = postSolution
		{E296D401-E741-417C-BF7D-F897F34F92AB}.Debug|Any CPU.ActiveCfg = Debug|Any CPU
		{E296D401-E741-417C-BF7D-F897F34F92AB}.Debug|Any CPU.Build.0 = Debug|Any CPU
		{E296D401-E741-417C-BF7D-F897F34F92AB}.Release|Any CPU.ActiveCfg = Release|Any CPU
		{E296D401-E741-417C-BF7D-F897F34F92AB}.Release|Any CPU.Build.0 = Release|Any CPU
	EndGlobalSection
	GlobalSection(SolutionProperties) = preSolution
		HideSolutionNode = FALSE
	EndGlobalSection
	GlobalSection(NestedProjects) = preSolution
		{E296D401-E741-417C-BF7D-F897F34F92AB} = {2EA7E92E-1D2B-4CFC-B24F-BCA761A6666A}
	EndGlobalSection
	GlobalSection(ExtensibilityGlobals) = postSolution
		SolutionGuid = {B4DAC12E-CEED-4B88-B091-6A4F52E517B8}
	EndGlobalSection
EndGlobal
